
Microsoft Visual Studio Solution File, Format Version 12.00
# Visual Studio 15
VisualStudioVersion = 15.0.28307.168
MinimumVisualStudioVersion = 10.0.40219.1
Project("{9A19103F-16F7-4668-BE54-9A1E7A4F7556}") = "RazorPagesMovie", "RazorPagesMovie\RazorPagesMovie.csproj", "{DCAB09B0-97BB-4DDB-81A0-E0F567246982}"
EndProject
Global
	GlobalSection(SolutionConfigurationPlatforms) = preSolution
		Debug|Any CPU = Debug|Any CPU
		Release|Any CPU = Release|Any CPU
	EndGlobalSection
	GlobalSection(ProjectConfigurationPlatforms) = postSolution
		{DCAB09B0-97BB-4DDB-81A0-E0F567246982}.Debug|Any CPU.ActiveCfg = Debug|Any CPU
		{DCAB09B0-97BB-4DDB-81A0-E0F567246982}.Debug|Any CPU.Build.0 = Debug|Any CPU
		{DCAB09B0-97BB-4DDB-81A0-E0F567246982}.Release|Any CPU.ActiveCfg = Release|Any CPU
		{DCAB09B0-97BB-4DDB-81A0-E0F567246982}.Release|Any CPU.Build.0 = Release|Any CPU
	EndGlobalSection
	GlobalSection(SolutionProperties) = preSolution
		HideSolutionNode = FALSE
	EndGlobalSection
	GlobalSection(ExtensibilityGlobals) = postSolution
		SolutionGuid = {F7A387B8-5C1F-42C4-8038-4ABBB51081F9}
	EndGlobalSection
EndGlobal
